
Microsoft Visual Studio Solution File, Format Version 12.00
# Visual Studio Version 17
VisualStudioVersion = 17.2.32630.192
MinimumVisualStudioVersion = 10.0.40219.1
Project("{9A19103F-16F7-4668-BE54-9A1E7A4F7556}") = "3PtsReport", "3PtsReport\3PtsReport.csproj", "{83A00F2C-064F-4C7D-ABEF-03D9AC6F1B39}"
EndProject
Global
	GlobalSection(SolutionConfigurationPlatforms) = preSolution
		Debug|Any CPU = Debug|Any CPU
		Debug|x64 = Debug|x64
		Release|Any CPU = Release|Any CPU
		Release|x64 = Release|x64
	EndGlobalSection
	GlobalSection(ProjectConfigurationPlatforms) = postSolution
		{83A00F2C-064F-4C7D-ABEF-03D9AC6F1B39}.Debug|Any CPU.ActiveCfg = Debug|Any CPU
		{83A00F2C-064F-4C7D-ABEF-03D9AC6F1B39}.Debug|Any CPU.Build.0 = Debug|Any CPU
		{83A00F2C-064F-4C7D-ABEF-03D9AC6F1B39}.Debug|x64.ActiveCfg = Debug|x64
		{83A00F2C-064F-4C7D-ABEF-03D9AC6F1B39}.Debug|x64.Build.0 = Debug|x64
		{83A00F2C-064F-4C7D-ABEF-03D9AC6F1B39}.Release|Any CPU.ActiveCfg = Release|Any CPU
		{83A00F2C-064F-4C7D-ABEF-03D9AC6F1B39}.Release|Any CPU.Build.0 = Release|Any CPU
		{83A00F2C-064F-4C7D-ABEF-03D9AC6F1B39}.Release|x64.ActiveCfg = Release|x64
		{83A00F2C-064F-4C7D-ABEF-03D9AC6F1B39}.Release|x64.Build.0 = Release|x64
	EndGlobalSection
	GlobalSection(SolutionProperties) = preSolution
		HideSolutionNode = FALSE
	EndGlobalSection
	GlobalSection(ExtensibilityGlobals) = postSolution
		SolutionGuid = {40DA86BE-779A-4736-9A9B-4AA409DB70B8}
	EndGlobalSection
EndGlobal
