
Microsoft Visual Studio Solution File, Format Version 12.00
# Visual Studio 14
VisualStudioVersion = 14.0.25420.1
MinimumVisualStudioVersion = 10.0.40219.1
Project("{FAE04EC0-301F-11D3-BF4B-00C04F79EFBC}") = "HuaRongDao", "HuaRongDao\HuaRongDao.csproj", "{C496E840-D061-483C-BC13-C89BB4EE4CEB}"
EndProject
Project("{FAE04EC0-301F-11D3-BF4B-00C04F79EFBC}") = "HuaRongDao3x3", "HuaRongDao3x3\HuaRongDao3x3.csproj", "{D273D514-4489-4785-8974-3601EF6DC730}"
EndProject
Project("{FAE04EC0-301F-11D3-BF4B-00C04F79EFBC}") = "MsTest", "MsTest\MsTest.csproj", "{9612691E-3CC0-4CB6-8CE1-AAEAFCF36A57}"
EndProject
Global
	GlobalSection(SolutionConfigurationPlatforms) = preSolution
		Debug|Any CPU = Debug|Any CPU
		Release|Any CPU = Release|Any CPU
	EndGlobalSection
	GlobalSection(ProjectConfigurationPlatforms) = postSolution
		{C496E840-D061-483C-BC13-C89BB4EE4CEB}.Debug|Any CPU.ActiveCfg = Debug|Any CPU
		{C496E840-D061-483C-BC13-C89BB4EE4CEB}.Debug|Any CPU.Build.0 = Debug|Any CPU
		{C496E840-D061-483C-BC13-C89BB4EE4CEB}.Release|Any CPU.ActiveCfg = Release|Any CPU
		{C496E840-D061-483C-BC13-C89BB4EE4CEB}.Release|Any CPU.Build.0 = Release|Any CPU
		{D273D514-4489-4785-8974-3601EF6DC730}.Debug|Any CPU.ActiveCfg = Debug|Any CPU
		{D273D514-4489-4785-8974-3601EF6DC730}.Debug|Any CPU.Build.0 = Debug|Any CPU
		{D273D514-4489-4785-8974-3601EF6DC730}.Release|Any CPU.ActiveCfg = Release|Any CPU
		{D273D514-4489-4785-8974-3601EF6DC730}.Release|Any CPU.Build.0 = Release|Any CPU
		{9612691E-3CC0-4CB6-8CE1-AAEAFCF36A57}.Debug|Any CPU.ActiveCfg = Debug|Any CPU
		{9612691E-3CC0-4CB6-8CE1-AAEAFCF36A57}.Debug|Any CPU.Build.0 = Debug|Any CPU
		{9612691E-3CC0-4CB6-8CE1-AAEAFCF36A57}.Release|Any CPU.ActiveCfg = Release|Any CPU
		{9612691E-3CC0-4CB6-8CE1-AAEAFCF36A57}.Release|Any CPU.Build.0 = Release|Any CPU
	EndGlobalSection
	GlobalSection(SolutionProperties) = preSolution
		HideSolutionNode = FALSE
	EndGlobalSection
EndGlobal
